
Microsoft Visual Studio Solution File, Format Version 12.00
# Visual Studio Version 16
VisualStudioVersion = 16.0.29905.134
MinimumVisualStudioVersion = 10.0.40219.1
Project("{FAE04EC0-301F-11D3-BF4B-00C04F79EFBC}") = "Cucumber.DecimalToString.App", "Cucumber.DecimalToString.App\Cucumber.DecimalToString.App.csproj", "{B5D88278-D249-46DE-BCF2-63B4CC046C2E}"
EndProject
Project("{FAE04EC0-301F-11D3-BF4B-00C04F79EFBC}") = "Cucumber.DecimalToString.Extensions", "Cucumber.DecimalToString.Extensions\Cucumber.DecimalToString.Extensions.csproj", "{20BB16CB-0B92-40E6-9304-F283C966634B}"
EndProject
Project("{FAE04EC0-301F-11D3-BF4B-00C04F79EFBC}") = "Cucumber.DecimalToString.Extensions.Tests", "Cucumber.DecimalToString.Extensions.Tests\Cucumber.DecimalToString.Extensions.Tests.csproj", "{4C7A6705-5E4B-45E2-A2C7-53D362F9889B}"
EndProject
Global
	GlobalSection(SolutionConfigurationPlatforms) = preSolution
		Debug|Any CPU = Debug|Any CPU
		Release|Any CPU = Release|Any CPU
	EndGlobalSection
	GlobalSection(ProjectConfigurationPlatforms) = postSolution
		{B5D88278-D249-46DE-BCF2-63B4CC046C2E}.Debug|Any CPU.ActiveCfg = Debug|Any CPU
		{B5D88278-D249-46DE-BCF2-63B4CC046C2E}.Debug|Any CPU.Build.0 = Debug|Any CPU
		{B5D88278-D249-46DE-BCF2-63B4CC046C2E}.Release|Any CPU.ActiveCfg = Release|Any CPU
		{B5D88278-D249-46DE-BCF2-63B4CC046C2E}.Release|Any CPU.Build.0 = Release|Any CPU
		{20BB16CB-0B92-40E6-9304-F283C966634B}.Debug|Any CPU.ActiveCfg = Debug|Any CPU
		{20BB16CB-0B92-40E6-9304-F283C966634B}.Debug|Any CPU.Build.0 = Debug|Any CPU
		{20BB16CB-0B92-40E6-9304-F283C966634B}.Release|Any CPU.ActiveCfg = Release|Any CPU
		{20BB16CB-0B92-40E6-9304-F283C966634B}.Release|Any CPU.Build.0 = Release|Any CPU
		{4C7A6705-5E4B-45E2-A2C7-53D362F9889B}.Debug|Any CPU.ActiveCfg = Debug|Any CPU
		{4C7A6705-5E4B-45E2-A2C7-53D362F9889B}.Debug|Any CPU.Build.0 = Debug|Any CPU
		{4C7A6705-5E4B-45E2-A2C7-53D362F9889B}.Release|Any CPU.ActiveCfg = Release|Any CPU
		{4C7A6705-5E4B-45E2-A2C7-53D362F9889B}.Release|Any CPU.Build.0 = Release|Any CPU
	EndGlobalSection
	GlobalSection(SolutionProperties) = preSolution
		HideSolutionNode = FALSE
	EndGlobalSection
	GlobalSection(ExtensibilityGlobals) = postSolution
		SolutionGuid = {35128BA0-75D3-4098-A30F-CA1270E78785}
	EndGlobalSection
EndGlobal
